
Microsoft Visual Studio Solution File, Format Version 12.00
# Visual Studio Version 17
VisualStudioVersion = 17.3.32929.385
MinimumVisualStudioVersion = 10.0.40219.1
Project("{FAE04EC0-301F-11D3-BF4B-00C04F79EFBC}") = "DecoderCipher", "DecoderCipher\DecoderCipher.csproj", "{C6C786A9-CBCB-4261-BF3B-EC8A8D87C658}"
EndProject
Global
	GlobalSection(SolutionConfigurationPlatforms) = preSolution
		Debug|Any CPU = Debug|Any CPU
		Release|Any CPU = Release|Any CPU
	EndGlobalSection
	GlobalSection(ProjectConfigurationPlatforms) = postSolution
		{C6C786A9-CBCB-4261-BF3B-EC8A8D87C658}.Debug|Any CPU.ActiveCfg = Debug|Any CPU
		{C6C786A9-CBCB-4261-BF3B-EC8A8D87C658}.Debug|Any CPU.Build.0 = Debug|Any CPU
		{C6C786A9-CBCB-4261-BF3B-EC8A8D87C658}.Release|Any CPU.ActiveCfg = Release|Any CPU
		{C6C786A9-CBCB-4261-BF3B-EC8A8D87C658}.Release|Any CPU.Build.0 = Release|Any CPU
	EndGlobalSection
	GlobalSection(SolutionProperties) = preSolution
		HideSolutionNode = FALSE
	EndGlobalSection
	GlobalSection(ExtensibilityGlobals) = postSolution
		SolutionGuid = {F237E3FA-3DC2-4748-94D8-7A6C45F2FAD4}
	EndGlobalSection
EndGlobal
